
Microsoft Visual Studio Solution File, Format Version 12.00
# Visual Studio Version 17
VisualStudioVersion = 17.9.34622.214
MinimumVisualStudioVersion = 10.0.40219.1
Project("{FAE04EC0-301F-11D3-BF4B-00C04F79EFBC}") = "presentacion", "presentacion\presentacion.csproj", "{16F8ADB4-FD05-484E-A130-48BFFB9AB838}"
EndProject
Global
	GlobalSection(SolutionConfigurationPlatforms) = preSolution
		Debug|Any CPU = Debug|Any CPU
		Release|Any CPU = Release|Any CPU
	EndGlobalSection
	GlobalSection(ProjectConfigurationPlatforms) = postSolution
		{16F8ADB4-FD05-484E-A130-48BFFB9AB838}.Debug|Any CPU.ActiveCfg = Debug|Any CPU
		{16F8ADB4-FD05-484E-A130-48BFFB9AB838}.Debug|Any CPU.Build.0 = Debug|Any CPU
		{16F8ADB4-FD05-484E-A130-48BFFB9AB838}.Release|Any CPU.ActiveCfg = Release|Any CPU
		{16F8ADB4-FD05-484E-A130-48BFFB9AB838}.Release|Any CPU.Build.0 = Release|Any CPU
	EndGlobalSection
	GlobalSection(SolutionProperties) = preSolution
		HideSolutionNode = FALSE
	EndGlobalSection
	GlobalSection(ExtensibilityGlobals) = postSolution
		SolutionGuid = {278F99C3-BC6F-4601-9276-F9BBA7C7D3F6}
	EndGlobalSection
EndGlobal
